<?xml version="1.0" encoding="utf-8"?>
<Project ToolsVersion="4.0" xmlns="http://schemas.microsoft.com/developer/msbuild/2003">
  <ItemGroup>
    <Filter Include="imgui">
      <UniqueIdentifier>{1d8f1873-f264-41d3-a05b-dc99c7e8dcdd}</UniqueIdentifier>
    </Filter>
    <Filter Include="mapper">
      <UniqueIdentifier>{3de330da-1336-4fdc-810c-b784ed8c1baf}</UniqueIdentifier>
    </Filter>
  </ItemGroup>
  <ItemGroup>
    <ClInclude Include="imgui\imconfig.h">
      <Filter>imgui</Filter>
    </ClInclude>
    <ClInclude Include="imgui\imgui.h">
      <Filter>imgui</Filter>
    </ClInclude>
    <ClInclude Include="imgui\imgui_impl_dx9.h">
      <Filter>imgui</Filter>
    </ClInclude>
    <ClInclude Include="imgui\imgui_impl_win32.h">
      <Filter>imgui</Filter>
    </ClInclude>
    <ClInclude Include="imgui\imgui_internal.h">
      <Filter>imgui</Filter>
    </ClInclude>
    <ClInclude Include="imgui\imstb_rectpack.h">
      <Filter>imgui</Filter>
    </ClInclude>
    <ClInclude Include="imgui\imstb_textedit.h">
      <Filter>imgui</Filter>
    </ClInclude>
    <ClInclude Include="imgui\imstb_truetype.h">
      <Filter>imgui</Filter>
    </ClInclude>
    <ClInclude Include="col.h" />
    <ClInclude Include="overlay.h" />
    <ClInclude Include="skCrypt.h" />
    <ClInclude Include="sdk\actors.hpp" />
    <ClInclude Include="mix\md5.h" />
    <ClInclude Include="protect\anti_debugger.h" />
    <ClInclude Include="protect\antidump.h" />
    <ClInclude Include="protect\lazy.h" />
    <ClInclude Include="protect\protectmain.h" />
    <ClInclude Include="xorstr.hpp" />
    <ClInclude Include="sdk\CBaseEntity.hpp" />
    <ClInclude Include="sdk\Menu.h" />
    <ClInclude Include="imgui\imgui_elements.h" />
    <ClInclude Include="Memory\stdafx.h" />
    <ClInclude Include="sdk\Math\Math.hpp" />
    <ClInclude Include="sdk\Math\Vector.hpp" />
    <ClInclude Include="sdk\Math\Vector4D.hpp" />
    <ClInclude Include="sdk\offsets.h" />
    <ClInclude Include="sdk\settings.hh" />
    <ClInclude Include="HyperV\HyperV.h" />
    <ClInclude Include="HyperV\Utils.h" />
    <ClInclude Include="Memory\memory1.h" />
    <ClInclude Include="Byte.h" />
  </ItemGroup>
  <ItemGroup>
    <ClCompile Include="imgui\imgui.cpp">
      <Filter>imgui</Filter>
    </ClCompile>
    <ClCompile Include="imgui\imgui_draw.cpp">
      <Filter>imgui</Filter>
    </ClCompile>
    <ClCompile Include="imgui\imgui_impl_dx9.cpp">
      <Filter>imgui</Filter>
    </ClCompile>
    <ClCompile Include="imgui\imgui_impl_win32.cpp">
      <Filter>imgui</Filter>
    </ClCompile>
    <ClCompile Include="imgui\imgui_tables.cpp">
      <Filter>imgui</Filter>
    </ClCompile>
    <ClCompile Include="imgui\imgui_widgets.cpp">
      <Filter>imgui</Filter>
    </ClCompile>
    <ClCompile Include="mix\md5.cpp" />
    <ClCompile Include="protect\protectmain.cpp" />
    <ClCompile Include="main.cpp" />
    <ClCompile Include="sdk\Math\Math.cpp" />
    <ClCompile Include="sdk\Math\Vector4D.cpp" />
    <ClCompile Include="HyperV\HyperV.cpp" />
    <ClCompile Include="HyperV\Utils.cpp" />
    <ClCompile Include="Memory\memory1.cpp" />
  </ItemGroup>
  <ItemGroup>
    <None Include="HyperV\Asm.asm" />
  </ItemGroup>
  <ItemGroup>
    <Object Include="HyperV\Asm.obj" />
  </ItemGroup>
</Project>